{
    "_readme": [
        "This file locks the dependencies of your project to a known state",
        "Read more about it at https://getcomposer.org/doc/01-basic-usage.md#composer-lock-the-lock-file",
        "This file is @generated automatically"
    ],
    "hash": "1373584c75f60ea9302baca4ad024c2b",
    "content-hash": "c9a69135584b97ee3ea0e94ff5505aa0",
    "packages": [
        {
            "name": "container-interop/container-interop",
            "version": "1.1.0",
            "source": {
                "type": "git",
                "url": "https://github.com/container-interop/container-interop.git",
                "reference": "fc08354828f8fd3245f77a66b9e23a6bca48297e"
            },
            "dist": {
                "type": "zip",
                "url": "https://api.github.com/repos/container-interop/container-interop/zipball/fc08354828f8fd3245f77a66b9e23a6bca48297e",
                "reference": "fc08354828f8fd3245f77a66b9e23a6bca48297e",
                "shasum": ""
            },
            "type": "library",
            "autoload": {
                "psr-4": {
                    "Interop\\Container\\": "src/Interop/Container/"
                }
            },
            "notification-url": "https://packagist.org/downloads/",
            "license": [
                "MIT"
            ],
            "description": "Promoting the interoperability of container objects (DIC, SL, etc.)",
            "time": "2014-12-30 15:22:37"
        },
        {
            "name": "league/climate",
            "version": "3.2.0",
            "source": {
                "type": "git",
                "url": "https://github.com/thephpleague/climate.git",
                "reference": "834cb907c89eb31e2171b68ee25c0ed26c8f34f4"
            },
            "dist": {
                "type": "zip",
                "url": "https://api.github.com/repos/thephpleague/climate/zipball/834cb907c89eb31e2171b68ee25c0ed26c8f34f4",
                "reference": "834cb907c89eb31e2171b68ee25c0ed26c8f34f4",
                "shasum": ""
            },
            "require": {
                "php": ">=5.4.0",
                "seld/cli-prompt": "~1.0"
            },
            "require-dev": {
                "mikey179/vfsstream": "~1.4",
                "mockery/mockery": "dev-master",
                "phpunit/phpunit": "~4.6"
            },
            "type": "library",
            "autoload": {
                "psr-4": {
                    "League\\CLImate\\": "src/"
                }
            },
            "notification-url": "https://packagist.org/downloads/",
            "license": [
                "MIT"
            ],
            "authors": [
                {
                    "name": "Joe Tannenbaum",
                    "email": "hey@joe.codes",
                    "homepage": "http://joe.codes/",
                    "role": "Developer"
                }
            ],
            "description": "PHP's best friend for the terminal. CLImate allows you to easily output colored text, special formats, and more.",
            "keywords": [
                "cli",
                "colors",
                "command",
                "php",
                "terminal"
            ],
            "time": "2015-08-13 16:50:51"
        },
        {
            "name": "locomotivemtl/charcoal-base",
            "version": "dev-master",
            "source": {
                "type": "git",
                "url": "https://github.com/locomotivemtl/charcoal-base.git",
                "reference": "83e067f0033bdc6fe7c0fda21e960b051b256aa7"
            },
            "dist": {
                "type": "zip",
                "url": "https://api.github.com/repos/locomotivemtl/charcoal-base/zipball/83e067f0033bdc6fe7c0fda21e960b051b256aa7",
                "reference": "83e067f0033bdc6fe7c0fda21e960b051b256aa7",
                "shasum": ""
            },
            "require": {
                "ext-fileinfo": "*",
                "ext-pdo": "*",
                "league/climate": "~3.1",
                "locomotivemtl/charcoal-core": "@dev",
                "locomotivemtl/charcoal-image": "@dev",
                "php": ">=5.5.0",
                "phpmailer/phpmailer": "~5.2"
            },
            "require-dev": {
                "phpunit/phpunit": "~4.5.0",
                "squizlabs/php_codesniffer": "2.*"
            },
            "type": "library",
            "autoload": {
                "psr-4": {
                    "Charcoal\\": "src/Charcoal"
                }
            },
            "notification-url": "https://packagist.org/downloads/",
            "authors": [
                {
                    "name": "Mathieu Ducharme",
                    "email": "mat@locomotive.ca"
                }
            ],
            "description": "Charcoal Base (Project Requirement)",
            "keywords": [
                "charcoal",
                "cms",
                "framework",
                "locomotive",
                "php"
            ],
            "time": "2015-12-02 21:45:24"
        },
        {
            "name": "locomotivemtl/charcoal-config",
            "version": "0.1.1",
            "source": {
                "type": "git",
                "url": "https://github.com/locomotivemtl/charcoal-config.git",
                "reference": "15c19932debba6c6f0c85392c44b83a5080ec0a2"
            },
            "dist": {
                "type": "zip",
                "url": "https://api.github.com/repos/locomotivemtl/charcoal-config/zipball/15c19932debba6c6f0c85392c44b83a5080ec0a2",
                "reference": "15c19932debba6c6f0c85392c44b83a5080ec0a2",
                "shasum": ""
            },
            "require": {
                "ext-json": "*",
                "ext-spl": "*",
                "php": ">=5.5.0"
            },
            "require-dev": {
                "phpunit/phpunit": "4.0.*"
            },
            "type": "library",
            "autoload": {
                "psr-4": {
                    "Charcoal\\": "src/Charcoal/"
                }
            },
            "notification-url": "https://packagist.org/downloads/",
            "license": [
                "MIT"
            ],
            "authors": [
                {
                    "name": "Mathieu Ducharme",
                    "email": "mat@locomotive.ca"
                }
            ],
            "description": "Configuration container for all things Charcoal",
            "time": "2015-12-02 21:22:49"
        },
        {
            "name": "locomotivemtl/charcoal-core",
            "version": "dev-master",
            "source": {
                "type": "git",
                "url": "https://github.com/locomotivemtl/charcoal-core.git",
                "reference": "0c0b9403097779554670478ab81dda372c11233b"
            },
            "dist": {
                "type": "zip",
                "url": "https://api.github.com/repos/locomotivemtl/charcoal-core/zipball/0c0b9403097779554670478ab81dda372c11233b",
                "reference": "0c0b9403097779554670478ab81dda372c11233b",
                "shasum": ""
            },
            "require": {
                "ext-mbstring": "*",
                "ext-pdo": "*",
                "locomotivemtl/charcoal-config": "~0.1",
                "locomotivemtl/charcoal-factory": "dev-master",
                "locomotivemtl/charcoal-view": "dev-master",
                "monolog/monolog": "~1.13",
                "mustache/mustache": "2.9.0",
                "php": ">=5.5.0",
                "slim/slim": "^3.0@dev"
            },
            "require-dev": {
                "phpunit/phpunit": "~4.5",
                "squizlabs/php_codesniffer": "2.*"
            },
            "type": "library",
            "autoload": {
                "psr-4": {
                    "Charcoal\\": "src/Charcoal"
                }
            },
            "notification-url": "https://packagist.org/downloads/",
            "license": [
                "MIT"
            ],
            "authors": [
                {
                    "name": "Mathieu Ducharme",
                    "email": "mat@locomotive.ca"
                },
                {
                    "name": "Locomotive",
                    "homepage": "http://locomotive.ca"
                }
            ],
            "description": "Charcoal Web Framework",
            "homepage": "http://charcoal.locomotive.ca",
            "keywords": [
                "charcoal",
                "cms",
                "framework",
                "locomotive",
                "php"
            ],
            "time": "2015-12-01 22:33:51"
        },
        {
            "name": "locomotivemtl/charcoal-factory",
            "version": "dev-master",
            "source": {
                "type": "git",
                "url": "https://github.com/locomotivemtl/charcoal-factory.git",
                "reference": "1c5bdc44547717f17a61e138d824ac66695e0454"
            },
            "dist": {
                "type": "zip",
                "url": "https://api.github.com/repos/locomotivemtl/charcoal-factory/zipball/1c5bdc44547717f17a61e138d824ac66695e0454",
                "reference": "1c5bdc44547717f17a61e138d824ac66695e0454",
                "shasum": ""
            },
            "require": {
                "php": ">=5.5.0"
            },
            "require-dev": {
                "phpunit/phpunit": "^4.8"
            },
            "type": "library",
            "autoload": {
                "psr-4": {
                    "Charcoal\\": "src/Charcoal/"
                }
            },
            "notification-url": "https://packagist.org/downloads/",
            "license": [
                "MIT"
            ],
            "authors": [
                {
                    "name": "Mathieu Ducharme",
                    "email": "mat@locomotive.ca"
                }
            ],
            "description": "Charcoal object creation (Factory, AbstractFactory, Builder, Class Resolver)",
            "time": "2015-11-26 05:40:28"
        },
        {
            "name": "locomotivemtl/charcoal-image",
            "version": "dev-master",
            "source": {
                "type": "git",
                "url": "https://github.com/locomotivemtl/charcoal-image.git",
                "reference": "e75cd5058585ab5dd6ba4356182b6033e427f516"
            },
            "dist": {
                "type": "zip",
                "url": "https://api.github.com/repos/locomotivemtl/charcoal-image/zipball/e75cd5058585ab5dd6ba4356182b6033e427f516",
                "reference": "e75cd5058585ab5dd6ba4356182b6033e427f516",
                "shasum": ""
            },
            "require": {
                "locomotivemtl/charcoal-factory": "dev-master",
                "php": ">=5.4.0"
            },
            "require-dev": {
                "ext-imagick": "*",
                "squizlabs/php_codesniffer": "2.*"
            },
            "suggest": {
                "ext-imagick": "To use the imagick driver"
            },
            "type": "library",
            "autoload": {
                "psr-4": {
                    "Charcoal\\": "src/Charcoal"
                }
            },
            "notification-url": "https://packagist.org/downloads/",
            "license": [
                "MIT"
            ],
            "authors": [
                {
                    "name": "Mathieu Ducharme",
                    "email": "mat@locomotive.ca"
                }
            ],
            "description": "PHP Image manipulation library",
            "keywords": [
                "ImageMagick",
                "charcoal",
                "gd",
                "image",
                "imagick",
                "locomotive",
                "php"
            ],
            "time": "2015-11-19 13:38:43"
        },
        {
            "name": "locomotivemtl/charcoal-view",
            "version": "dev-master",
            "source": {
                "type": "git",
                "url": "https://github.com/locomotivemtl/charcoal-view.git",
                "reference": "0f246daf259218c7e02e4366e10bea988a86ce51"
            },
            "dist": {
                "type": "zip",
                "url": "https://api.github.com/repos/locomotivemtl/charcoal-view/zipball/0f246daf259218c7e02e4366e10bea988a86ce51",
                "reference": "0f246daf259218c7e02e4366e10bea988a86ce51",
                "shasum": ""
            },
            "require": {
                "locomotivemtl/charcoal-config": "~0.1",
                "locomotivemtl/charcoal-core": "dev-master",
                "php": ">=5.5.0",
                "psr/log": "^1.0@dev"
            },
            "require-dev": {
                "monolog/monolog": "^1.17",
                "mustache/mustache": "2.9.0",
                "phpunit/phpunit": "^4.8",
                "twig/twig": "^1.18"
            },
            "suggest": {
                "mustache/mustache": "For (optional) Mustache templating support",
                "twig/twig": "For (optional) Twig templating support."
            },
            "type": "library",
            "autoload": {
                "psr-4": {
                    "Charcoal\\": "src/Charcoal/"
                }
            },
            "notification-url": "https://packagist.org/downloads/",
            "license": [
                "MIT"
            ],
            "authors": [
                {
                    "name": "Mathieu Ducharme",
                    "email": "mat@locomotive.ca"
                }
            ],
            "description": "Charcoal View (templates)",
            "time": "2015-12-03 15:11:52"
        },
        {
            "name": "monolog/monolog",
            "version": "dev-master",
            "source": {
                "type": "git",
                "url": "https://github.com/Seldaek/monolog.git",
                "reference": "cab3ff71ffc802af272928ff71341cfc51e8ee98"
            },
            "dist": {
                "type": "zip",
                "url": "https://api.github.com/repos/Seldaek/monolog/zipball/cab3ff71ffc802af272928ff71341cfc51e8ee98",
                "reference": "cab3ff71ffc802af272928ff71341cfc51e8ee98",
                "shasum": ""
            },
            "require": {
                "php": ">=5.3.0",
                "psr/log": "~1.0"
            },
            "provide": {
                "psr/log-implementation": "1.0.0"
            },
            "require-dev": {
                "aws/aws-sdk-php": "^2.4.9",
                "doctrine/couchdb": "~1.0@dev",
                "graylog2/gelf-php": "~1.0",
                "jakub-onderka/php-parallel-lint": "0.9",
                "php-console/php-console": "^3.1.3",
                "phpunit/phpunit": "~4.5",
                "phpunit/phpunit-mock-objects": "2.3.0",
                "raven/raven": "^0.13",
                "ruflin/elastica": ">=0.90 <3.0",
                "swiftmailer/swiftmailer": "~5.3",
                "videlalvaro/php-amqplib": "~2.4"
            },
            "suggest": {
                "aws/aws-sdk-php": "Allow sending log messages to AWS services like DynamoDB",
                "doctrine/couchdb": "Allow sending log messages to a CouchDB server",
                "ext-amqp": "Allow sending log messages to an AMQP server (1.0+ required)",
                "ext-mongo": "Allow sending log messages to a MongoDB server",
                "graylog2/gelf-php": "Allow sending log messages to a GrayLog2 server",
                "mongodb/mongodb": "Allow sending log messages to a MongoDB server via PHP Driver",
                "php-console/php-console": "Allow sending log messages to Google Chrome",
                "raven/raven": "Allow sending log messages to a Sentry server",
                "rollbar/rollbar": "Allow sending log messages to Rollbar",
                "ruflin/elastica": "Allow sending log messages to an Elastic Search server",
                "videlalvaro/php-amqplib": "Allow sending log messages to an AMQP server using php-amqplib"
            },
            "type": "library",
            "extra": {
                "branch-alias": {
                    "dev-master": "1.18.x-dev"
                }
            },
            "autoload": {
                "psr-4": {
                    "Monolog\\": "src/Monolog"
                }
            },
            "notification-url": "https://packagist.org/downloads/",
            "license": [
                "MIT"
            ],
            "authors": [
                {
                    "name": "Jordi Boggiano",
                    "email": "j.boggiano@seld.be",
                    "homepage": "http://seld.be"
                }
            ],
            "description": "Sends your logs to files, sockets, inboxes, databases and various web services",
            "homepage": "http://github.com/Seldaek/monolog",
            "keywords": [
                "log",
                "logging",
                "psr-3"
            ],
            "time": "2015-11-26 23:48:42"
        },
        {
            "name": "mustache/mustache",
            "version": "v2.9.0",
            "source": {
                "type": "git",
                "url": "https://github.com/bobthecow/mustache.php.git",
                "reference": "c745b01956caf27d26b55a72a90aff56bc169cd6"
            },
            "dist": {
                "type": "zip",
                "url": "https://api.github.com/repos/bobthecow/mustache.php/zipball/c745b01956caf27d26b55a72a90aff56bc169cd6",
                "reference": "c745b01956caf27d26b55a72a90aff56bc169cd6",
                "shasum": ""
            },
            "require": {
                "php": ">=5.2.4"
            },
            "require-dev": {
                "fabpot/php-cs-fixer": "~1.6",
                "phpunit/phpunit": "~3.7|~4.0"
            },
            "type": "library",
            "autoload": {
                "psr-0": {
                    "Mustache": "src/"
                }
            },
            "notification-url": "https://packagist.org/downloads/",
            "license": [
                "MIT"
            ],
            "authors": [
                {
                    "name": "Justin Hileman",
                    "email": "justin@justinhileman.info",
                    "homepage": "http://justinhileman.com"
                }
            ],
            "description": "A Mustache implementation in PHP.",
            "homepage": "https://github.com/bobthecow/mustache.php",
            "keywords": [
                "mustache",
                "templating"
            ],
            "time": "2015-08-15 19:23:13"
        },
        {
            "name": "nikic/fast-route",
            "version": "v0.6.0",
            "source": {
                "type": "git",
                "url": "https://github.com/nikic/FastRoute.git",
                "reference": "31fa86924556b80735f98b294a7ffdfb26789f22"
            },
            "dist": {
                "type": "zip",
                "url": "https://api.github.com/repos/nikic/FastRoute/zipball/31fa86924556b80735f98b294a7ffdfb26789f22",
                "reference": "31fa86924556b80735f98b294a7ffdfb26789f22",
                "shasum": ""
            },
            "require": {
                "php": ">=5.4.0"
            },
            "type": "library",
            "autoload": {
                "psr-4": {
                    "FastRoute\\": "src/"
                },
                "files": [
                    "src/functions.php"
                ]
            },
            "notification-url": "https://packagist.org/downloads/",
            "license": [
                "BSD-3-Clause"
            ],
            "authors": [
                {
                    "name": "Nikita Popov",
                    "email": "nikic@php.net"
                }
            ],
            "description": "Fast request router for PHP",
            "keywords": [
                "router",
                "routing"
            ],
            "time": "2015-06-18 19:15:47"
        },
        {
            "name": "phpmailer/phpmailer",
            "version": "5.4.x-dev",
            "source": {
                "type": "git",
                "url": "https://github.com/PHPMailer/PHPMailer.git",
                "reference": "5cdb01b12961ddc9ccb33b5f48e5dabe605e6915"
            },
            "dist": {
                "type": "zip",
                "url": "https://api.github.com/repos/PHPMailer/PHPMailer/zipball/5cdb01b12961ddc9ccb33b5f48e5dabe605e6915",
                "reference": "5cdb01b12961ddc9ccb33b5f48e5dabe605e6915",
                "shasum": ""
            },
            "require": {
                "php": ">=5.4.0"
            },
            "require-dev": {
                "phpdocumentor/phpdocumentor": "2.*",
                "phpunit/phpunit": "4.*"
            },
            "suggest": {
                "league/oauth2-google": "Needed for Gmail XOAUTH2"
            },
            "type": "library",
            "autoload": {
                "psr-4": {
                    "PHPMailer\\PHPMailer\\": "src/"
                }
            },
            "notification-url": "https://packagist.org/downloads/",
            "license": [
                "LGPL-2.1"
            ],
            "authors": [
                {
                    "name": "Jim Jagielski",
                    "email": "jimjag@gmail.com"
                },
                {
                    "name": "Marcus Bointon",
                    "email": "phpmailer@synchromedia.co.uk"
                },
                {
                    "name": "Andy Prevost",
                    "email": "codeworxtech@users.sourceforge.net"
                },
                {
                    "name": "Brent R. Matzelle"
                }
            ],
            "description": "PHPMailer is a full-featured email creation and transfer class for PHP",
            "time": "2015-12-01 14:44:12"
        },
        {
            "name": "pimple/pimple",
            "version": "dev-master",
            "source": {
                "type": "git",
                "url": "https://github.com/silexphp/Pimple.git",
                "reference": "64e0f8320639b434baa073a40dd1e037e3286555"
            },
            "dist": {
                "type": "zip",
                "url": "https://api.github.com/repos/silexphp/Pimple/zipball/64e0f8320639b434baa073a40dd1e037e3286555",
                "reference": "64e0f8320639b434baa073a40dd1e037e3286555",
                "shasum": ""
            },
            "require": {
                "php": ">=5.3.0"
            },
            "type": "library",
            "extra": {
                "branch-alias": {
                    "dev-master": "3.0.x-dev"
                }
            },
            "autoload": {
                "psr-0": {
                    "Pimple": "src/"
                }
            },
            "notification-url": "https://packagist.org/downloads/",
            "license": [
                "MIT"
            ],
            "authors": [
                {
                    "name": "Fabien Potencier",
                    "email": "fabien@symfony.com"
                }
            ],
            "description": "Pimple, a simple Dependency Injection Container",
            "homepage": "http://pimple.sensiolabs.org",
            "keywords": [
                "container",
                "dependency injection"
            ],
            "time": "2015-09-11 15:11:22"
        },
        {
            "name": "psr/http-message",
            "version": "dev-master",
            "source": {
                "type": "git",
                "url": "https://github.com/php-fig/http-message.git",
                "reference": "85d63699f0dbedb190bbd4b0d2b9dc707ea4c298"
            },
            "dist": {
                "type": "zip",
                "url": "https://api.github.com/repos/php-fig/http-message/zipball/85d63699f0dbedb190bbd4b0d2b9dc707ea4c298",
                "reference": "85d63699f0dbedb190bbd4b0d2b9dc707ea4c298",
                "shasum": ""
            },
            "require": {
                "php": ">=5.3.0"
            },
            "type": "library",
            "extra": {
                "branch-alias": {
                    "dev-master": "1.0.x-dev"
                }
            },
            "autoload": {
                "psr-4": {
                    "Psr\\Http\\Message\\": "src/"
                }
            },
            "notification-url": "https://packagist.org/downloads/",
            "license": [
                "MIT"
            ],
            "authors": [
                {
                    "name": "PHP-FIG",
                    "homepage": "http://www.php-fig.org/"
                }
            ],
            "description": "Common interface for HTTP messages",
            "keywords": [
                "http",
                "http-message",
                "psr",
                "psr-7",
                "request",
                "response"
            ],
            "time": "2015-05-04 20:22:00"
        },
        {
            "name": "psr/log",
            "version": "dev-master",
            "source": {
                "type": "git",
                "url": "https://github.com/php-fig/log.git",
                "reference": "9e45edca52cc9c954680072c93e621f8b71fab26"
            },
            "dist": {
                "type": "zip",
                "url": "https://api.github.com/repos/php-fig/log/zipball/9e45edca52cc9c954680072c93e621f8b71fab26",
                "reference": "9e45edca52cc9c954680072c93e621f8b71fab26",
                "shasum": ""
            },
            "require": {
                "php": ">=5.3.0"
            },
            "type": "library",
            "extra": {
                "branch-alias": {
                    "dev-master": "1.0.x-dev"
                }
            },
            "autoload": {
                "psr-4": {
                    "Psr\\Log\\": "Psr/Log/"
                }
            },
            "notification-url": "https://packagist.org/downloads/",
            "license": [
                "MIT"
            ],
            "authors": [
                {
                    "name": "PHP-FIG",
                    "homepage": "http://www.php-fig.org/"
                }
            ],
            "description": "Common interface for logging libraries",
            "keywords": [
                "log",
                "psr",
                "psr-3"
            ],
            "time": "2015-06-02 13:48:41"
        },
        {
            "name": "seld/cli-prompt",
            "version": "dev-master",
            "source": {
                "type": "git",
                "url": "https://github.com/Seldaek/cli-prompt.git",
                "reference": "fe114c7a6ac5cb0ce76932ae4017024d9842a49c"
            },
            "dist": {
                "type": "zip",
                "url": "https://api.github.com/repos/Seldaek/cli-prompt/zipball/fe114c7a6ac5cb0ce76932ae4017024d9842a49c",
                "reference": "fe114c7a6ac5cb0ce76932ae4017024d9842a49c",
                "shasum": ""
            },
            "require": {
                "php": ">=5.3"
            },
            "type": "library",
            "extra": {
                "branch-alias": {
                    "dev-master": "1.x-dev"
                }
            },
            "autoload": {
                "psr-4": {
                    "Seld\\CliPrompt\\": "src/"
                }
            },
            "notification-url": "https://packagist.org/downloads/",
            "license": [
                "MIT"
            ],
            "authors": [
                {
                    "name": "Jordi Boggiano",
                    "email": "j.boggiano@seld.be"
                }
            ],
            "description": "Allows you to prompt for user input on the command line, and optionally hide the characters they type",
            "keywords": [
                "cli",
                "console",
                "hidden",
                "input",
                "prompt"
            ],
            "time": "2015-04-30 20:24:49"
        },
        {
            "name": "slim/slim",
            "version": "3.x-dev",
            "source": {
                "type": "git",
                "url": "https://github.com/slimphp/Slim.git",
                "reference": "48be9d25b855740d750fd49213bed84eebbf651d"
            },
            "dist": {
                "type": "zip",
                "url": "https://api.github.com/repos/slimphp/Slim/zipball/48be9d25b855740d750fd49213bed84eebbf651d",
                "reference": "48be9d25b855740d750fd49213bed84eebbf651d",
                "shasum": ""
            },
            "require": {
                "container-interop/container-interop": "^1.1",
                "nikic/fast-route": "^0.6",
                "php": ">=5.5.0",
                "pimple/pimple": "^3.0",
                "psr/http-message": "^1.0"
            },
            "require-dev": {
                "phpunit/phpunit": "^4.0"
            },
            "type": "library",
            "autoload": {
                "psr-4": {
                    "Slim\\": "Slim"
                }
            },
            "notification-url": "https://packagist.org/downloads/",
            "license": [
                "MIT"
            ],
            "authors": [
                {
                    "name": "Rob Allen",
                    "email": "rob@akrabat.com",
                    "homepage": "http://akrabat.com"
                },
                {
                    "name": "Josh Lockhart",
                    "email": "hello@joshlockhart.com",
                    "homepage": "https://joshlockhart.com"
                },
                {
                    "name": "Gabriel Manricks",
                    "email": "gmanricks@me.com",
                    "homepage": "http://gabrielmanricks.com"
                },
                {
                    "name": "Andrew Smith",
                    "email": "a.smith@silentworks.co.uk",
                    "homepage": "http://silentworks.co.uk"
                }
            ],
            "description": "Slim is a PHP micro framework that helps you quickly write simple yet powerful web applications and APIs",
            "homepage": "http://slimframework.com",
            "keywords": [
                "api",
                "framework",
                "micro",
                "router"
            ],
            "time": "2015-11-29 14:40:50"
        }
    ],
    "packages-dev": [],
    "aliases": [],
    "minimum-stability": "dev",
    "stability-flags": {
        "locomotivemtl/charcoal-core": 20,
        "locomotivemtl/charcoal-base": 20
    },
    "prefer-stable": false,
    "prefer-lowest": false,
    "platform": [],
    "platform-dev": []
}
